
Microsoft Visual Studio Solution File, Format Version 11.00
# Visual Studio 2010
Project("{8BC9CEB8-8B4A-11D0-8D11-00A0C91BC942}") = "MyLib", "MyLib\MyLib.vcxproj", "{8E1482F5-8053-44EC-842D-34DBC56B73A0}"
EndProject
Global
	GlobalSection(SolutionConfigurationPlatforms) = preSolution
		Debug|Win32 = Debug|Win32
		Release|Win32 = Release|Win32
	EndGlobalSection
	GlobalSection(ProjectConfigurationPlatforms) = postSolution
		{8E1482F5-8053-44EC-842D-34DBC56B73A0}.Debug|Win32.ActiveCfg = Debug|Win32
		{8E1482F5-8053-44EC-842D-34DBC56B73A0}.Debug|Win32.Build.0 = Debug|Win32
		{8E1482F5-8053-44EC-842D-34DBC56B73A0}.Release|Win32.ActiveCfg = Release|Win32
		{8E1482F5-8053-44EC-842D-34DBC56B73A0}.Release|Win32.Build.0 = Release|Win32
	EndGlobalSection
	GlobalSection(SolutionProperties) = preSolution
		HideSolutionNode = FALSE
	EndGlobalSection
EndGlobal
